
Microsoft Visual Studio Solution File, Format Version 12.00
Project("{FAE04EC0-301F-11D3-BF4B-00C04F79EFBC}") = "FileService", "FileService\FileService.csproj", "{600311D3-1AB1-4C2D-9862-D5D25AA14A2F}"
EndProject
Project("{FAE04EC0-301F-11D3-BF4B-00C04F79EFBC}") = "ChatService", "ChatService\ChatService.csproj", "{D3FD9298-8A53-44D2-8C0A-4C1B7E1F87A6}"
EndProject
Project("{FAE04EC0-301F-11D3-BF4B-00C04F79EFBC}") = "AssetCrafterService", "AssetCrafterService\AssetCrafterService.csproj", "{2CFF6532-0C7B-4CF3-9871-DCAADD09E89D}"
EndProject
Project("{FAE04EC0-301F-11D3-BF4B-00C04F79EFBC}") = "MailService", "MailService\MailService.csproj", "{5921CFA8-C569-4796-AAA1-B82D9255FEF9}"
EndProject
Project("{FAE04EC0-301F-11D3-BF4B-00C04F79EFBC}") = "LobbyService", "LobbyService\LobbyService.csproj", "{408A4C33-D533-4729-828D-D1859307F213}"
EndProject
Project("{2150E333-8FDC-42A3-9474-1A3956D46DE8}") = "Solution Items", "Solution Items", "{6923B99A-09E0-476C-BE5A-902B0D4656F7}"
	ProjectSection(SolutionItems) = preProject
		compose.yaml = compose.yaml
	EndProjectSection
EndProject
Project("{FAE04EC0-301F-11D3-BF4B-00C04F79EFBC}") = "AuthorizationService", "AuthorizationService\AuthorizationService.csproj", "{53CBA1BB-F207-4306-A18B-349744926618}"
EndProject
Project("{FAE04EC0-301F-11D3-BF4B-00C04F79EFBC}") = "GatewayService", "GatewayService\GatewayService.csproj", "{E5A3C638-28EE-41B4-A662-4719D18A23A4}"
EndProject
Project("{2150E333-8FDC-42A3-9474-1A3956D46DE8}") = "Infrastructure", "Infrastructure", "{27907872-D2DB-4B29-8A09-23B49FCCB3E4}"
EndProject
Project("{2150E333-8FDC-42A3-9474-1A3956D46DE8}") = "Shared", "Shared", "{7C5A9BD2-B436-4F5D-A053-854956560088}"
EndProject
Project("{FAE04EC0-301F-11D3-BF4B-00C04F79EFBC}") = "Shared.Models", "Shared.Models\Shared.Models.csproj", "{08E99E68-05CB-43B1-B3E4-3451C3BB2219}"
EndProject
Project("{FAE04EC0-301F-11D3-BF4B-00C04F79EFBC}") = "Shared.Logger", "Shared.Logger\Shared.Logger.csproj", "{2DECEA69-F408-4ACB-A012-C292BCD02CCA}"
EndProject
Project("{FAE04EC0-301F-11D3-BF4B-00C04F79EFBC}") = "Shared.Configuration", "Shared.Configuration\Shared.Configuration.csproj", "{095BED8B-8572-4E7B-9725-F3E9C8FD2A5B}"
EndProject
Project("{2150E333-8FDC-42A3-9474-1A3956D46DE8}") = "Services", "Services", "{C76EE7C2-93FE-4AA9-91B5-A0EEA36C42B2}"
EndProject
Project("{FAE04EC0-301F-11D3-BF4B-00C04F79EFBC}") = "Shared.Lib", "Shared.Lib\Shared.Lib.csproj", "{808732B3-4495-4E66-9163-968902DDD3CE}"
EndProject
Global
	GlobalSection(SolutionConfigurationPlatforms) = preSolution
		Debug|Any CPU = Debug|Any CPU
		Release|Any CPU = Release|Any CPU
	EndGlobalSection
	GlobalSection(ProjectConfigurationPlatforms) = postSolution
		{600311D3-1AB1-4C2D-9862-D5D25AA14A2F}.Debug|Any CPU.ActiveCfg = Debug|Any CPU
		{600311D3-1AB1-4C2D-9862-D5D25AA14A2F}.Debug|Any CPU.Build.0 = Debug|Any CPU
		{600311D3-1AB1-4C2D-9862-D5D25AA14A2F}.Release|Any CPU.ActiveCfg = Release|Any CPU
		{600311D3-1AB1-4C2D-9862-D5D25AA14A2F}.Release|Any CPU.Build.0 = Release|Any CPU
		{D3FD9298-8A53-44D2-8C0A-4C1B7E1F87A6}.Debug|Any CPU.ActiveCfg = Debug|Any CPU
		{D3FD9298-8A53-44D2-8C0A-4C1B7E1F87A6}.Debug|Any CPU.Build.0 = Debug|Any CPU
		{D3FD9298-8A53-44D2-8C0A-4C1B7E1F87A6}.Release|Any CPU.ActiveCfg = Release|Any CPU
		{D3FD9298-8A53-44D2-8C0A-4C1B7E1F87A6}.Release|Any CPU.Build.0 = Release|Any CPU
		{2CFF6532-0C7B-4CF3-9871-DCAADD09E89D}.Debug|Any CPU.ActiveCfg = Debug|Any CPU
		{2CFF6532-0C7B-4CF3-9871-DCAADD09E89D}.Debug|Any CPU.Build.0 = Debug|Any CPU
		{2CFF6532-0C7B-4CF3-9871-DCAADD09E89D}.Release|Any CPU.ActiveCfg = Release|Any CPU
		{2CFF6532-0C7B-4CF3-9871-DCAADD09E89D}.Release|Any CPU.Build.0 = Release|Any CPU
		{5921CFA8-C569-4796-AAA1-B82D9255FEF9}.Debug|Any CPU.ActiveCfg = Debug|Any CPU
		{5921CFA8-C569-4796-AAA1-B82D9255FEF9}.Debug|Any CPU.Build.0 = Debug|Any CPU
		{5921CFA8-C569-4796-AAA1-B82D9255FEF9}.Release|Any CPU.ActiveCfg = Release|Any CPU
		{5921CFA8-C569-4796-AAA1-B82D9255FEF9}.Release|Any CPU.Build.0 = Release|Any CPU
		{408A4C33-D533-4729-828D-D1859307F213}.Debug|Any CPU.ActiveCfg = Debug|Any CPU
		{408A4C33-D533-4729-828D-D1859307F213}.Debug|Any CPU.Build.0 = Debug|Any CPU
		{408A4C33-D533-4729-828D-D1859307F213}.Release|Any CPU.ActiveCfg = Release|Any CPU
		{408A4C33-D533-4729-828D-D1859307F213}.Release|Any CPU.Build.0 = Release|Any CPU
		{53CBA1BB-F207-4306-A18B-349744926618}.Debug|Any CPU.ActiveCfg = Debug|Any CPU
		{53CBA1BB-F207-4306-A18B-349744926618}.Debug|Any CPU.Build.0 = Debug|Any CPU
		{53CBA1BB-F207-4306-A18B-349744926618}.Release|Any CPU.ActiveCfg = Release|Any CPU
		{53CBA1BB-F207-4306-A18B-349744926618}.Release|Any CPU.Build.0 = Release|Any CPU
		{E5A3C638-28EE-41B4-A662-4719D18A23A4}.Debug|Any CPU.ActiveCfg = Debug|Any CPU
		{E5A3C638-28EE-41B4-A662-4719D18A23A4}.Debug|Any CPU.Build.0 = Debug|Any CPU
		{E5A3C638-28EE-41B4-A662-4719D18A23A4}.Release|Any CPU.ActiveCfg = Release|Any CPU
		{E5A3C638-28EE-41B4-A662-4719D18A23A4}.Release|Any CPU.Build.0 = Release|Any CPU
		{08E99E68-05CB-43B1-B3E4-3451C3BB2219}.Debug|Any CPU.ActiveCfg = Debug|Any CPU
		{08E99E68-05CB-43B1-B3E4-3451C3BB2219}.Debug|Any CPU.Build.0 = Debug|Any CPU
		{08E99E68-05CB-43B1-B3E4-3451C3BB2219}.Release|Any CPU.ActiveCfg = Release|Any CPU
		{08E99E68-05CB-43B1-B3E4-3451C3BB2219}.Release|Any CPU.Build.0 = Release|Any CPU
		{2DECEA69-F408-4ACB-A012-C292BCD02CCA}.Debug|Any CPU.ActiveCfg = Debug|Any CPU
		{2DECEA69-F408-4ACB-A012-C292BCD02CCA}.Debug|Any CPU.Build.0 = Debug|Any CPU
		{2DECEA69-F408-4ACB-A012-C292BCD02CCA}.Release|Any CPU.ActiveCfg = Release|Any CPU
		{2DECEA69-F408-4ACB-A012-C292BCD02CCA}.Release|Any CPU.Build.0 = Release|Any CPU
		{095BED8B-8572-4E7B-9725-F3E9C8FD2A5B}.Debug|Any CPU.ActiveCfg = Debug|Any CPU
		{095BED8B-8572-4E7B-9725-F3E9C8FD2A5B}.Debug|Any CPU.Build.0 = Debug|Any CPU
		{095BED8B-8572-4E7B-9725-F3E9C8FD2A5B}.Release|Any CPU.ActiveCfg = Release|Any CPU
		{095BED8B-8572-4E7B-9725-F3E9C8FD2A5B}.Release|Any CPU.Build.0 = Release|Any CPU
		{808732B3-4495-4E66-9163-968902DDD3CE}.Debug|Any CPU.ActiveCfg = Debug|Any CPU
		{808732B3-4495-4E66-9163-968902DDD3CE}.Debug|Any CPU.Build.0 = Debug|Any CPU
		{808732B3-4495-4E66-9163-968902DDD3CE}.Release|Any CPU.ActiveCfg = Release|Any CPU
		{808732B3-4495-4E66-9163-968902DDD3CE}.Release|Any CPU.Build.0 = Release|Any CPU
	EndGlobalSection
	GlobalSection(NestedProjects) = preSolution
		{08E99E68-05CB-43B1-B3E4-3451C3BB2219} = {7C5A9BD2-B436-4F5D-A053-854956560088}
		{2DECEA69-F408-4ACB-A012-C292BCD02CCA} = {7C5A9BD2-B436-4F5D-A053-854956560088}
		{095BED8B-8572-4E7B-9725-F3E9C8FD2A5B} = {7C5A9BD2-B436-4F5D-A053-854956560088}
		{E5A3C638-28EE-41B4-A662-4719D18A23A4} = {C76EE7C2-93FE-4AA9-91B5-A0EEA36C42B2}
		{2CFF6532-0C7B-4CF3-9871-DCAADD09E89D} = {C76EE7C2-93FE-4AA9-91B5-A0EEA36C42B2}
		{53CBA1BB-F207-4306-A18B-349744926618} = {C76EE7C2-93FE-4AA9-91B5-A0EEA36C42B2}
		{D3FD9298-8A53-44D2-8C0A-4C1B7E1F87A6} = {C76EE7C2-93FE-4AA9-91B5-A0EEA36C42B2}
		{600311D3-1AB1-4C2D-9862-D5D25AA14A2F} = {C76EE7C2-93FE-4AA9-91B5-A0EEA36C42B2}
		{408A4C33-D533-4729-828D-D1859307F213} = {C76EE7C2-93FE-4AA9-91B5-A0EEA36C42B2}
		{5921CFA8-C569-4796-AAA1-B82D9255FEF9} = {C76EE7C2-93FE-4AA9-91B5-A0EEA36C42B2}
		{808732B3-4495-4E66-9163-968902DDD3CE} = {7C5A9BD2-B436-4F5D-A053-854956560088}
	EndGlobalSection
EndGlobal
