
Microsoft Visual Studio Solution File, Format Version 12.00
Project("{FAE04EC0-301F-11D3-BF4B-00C04F79EFBC}") = "ChatService", "ChatService\ChatService.csproj", "{D3FD9298-8A53-44D2-8C0A-4C1B7E1F87A6}"
EndProject
Project("{FAE04EC0-301F-11D3-BF4B-00C04F79EFBC}") = "LobbyService", "LobbyService\LobbyService.csproj", "{408A4C33-D533-4729-828D-D1859307F213}"
EndProject
Project("{2150E333-8FDC-42A3-9474-1A3956D46DE8}") = "Solution Items", "Solution Items", "{6923B99A-09E0-476C-BE5A-902B0D4656F7}"
	ProjectSection(SolutionItems) = preProject
		compose.yaml = compose.yaml
	EndProjectSection
EndProject
Project("{FAE04EC0-301F-11D3-BF4B-00C04F79EFBC}") = "AuthorizationService", "AuthorizationService\AuthorizationService.csproj", "{53CBA1BB-F207-4306-A18B-349744926618}"
EndProject
Project("{FAE04EC0-301F-11D3-BF4B-00C04F79EFBC}") = "GatewayService", "GatewayService\GatewayService.csproj", "{E5A3C638-28EE-41B4-A662-4719D18A23A4}"
EndProject
Project("{2150E333-8FDC-42A3-9474-1A3956D46DE8}") = "Infrastructure", "Infrastructure", "{27907872-D2DB-4B29-8A09-23B49FCCB3E4}"
EndProject
Project("{2150E333-8FDC-42A3-9474-1A3956D46DE8}") = "Shared", "Shared", "{7C5A9BD2-B436-4F5D-A053-854956560088}"
EndProject
Project("{FAE04EC0-301F-11D3-BF4B-00C04F79EFBC}") = "Shared.Models", "Shared.Models\Shared.Models.csproj", "{08E99E68-05CB-43B1-B3E4-3451C3BB2219}"
EndProject
Project("{FAE04EC0-301F-11D3-BF4B-00C04F79EFBC}") = "Shared.Logging", "Shared.Logging\Shared.Logging.csproj", "{2DECEA69-F408-4ACB-A012-C292BCD02CCA}"
EndProject
Project("{FAE04EC0-301F-11D3-BF4B-00C04F79EFBC}") = "Shared.Configuration", "Shared.Configuration\Shared.Configuration.csproj", "{095BED8B-8572-4E7B-9725-F3E9C8FD2A5B}"
EndProject
Project("{2150E333-8FDC-42A3-9474-1A3956D46DE8}") = "Services", "Services", "{C76EE7C2-93FE-4AA9-91B5-A0EEA36C42B2}"
EndProject
Project("{FAE04EC0-301F-11D3-BF4B-00C04F79EFBC}") = "Shared.Lib", "Shared.Lib\Shared.Lib.csproj", "{808732B3-4495-4E66-9163-968902DDD3CE}"
EndProject
Project("{FAE04EC0-301F-11D3-BF4B-00C04F79EFBC}") = "Infrastructure.AuthorizationService", "Infrastructure.AuthorizationService\Infrastructure.AuthorizationService.csproj", "{24655406-8AD7-4930-A094-19EDFD8B78E6}"
EndProject
Project("{FAE04EC0-301F-11D3-BF4B-00C04F79EFBC}") = "MailService", "MailService\MailService.csproj", "{0F6E8D27-428C-4B80-A86C-CA7741A7B998}"
EndProject
Project("{2150E333-8FDC-42A3-9474-1A3956D46DE8}") = "Tests", "Tests", "{2D57C35F-FAF3-48A5-B01F-8EA07DF53874}"
EndProject
Project("{FAE04EC0-301F-11D3-BF4B-00C04F79EFBC}") = "MailService.Test", "MailService.Test\MailService.Test.csproj", "{18F5641E-4A5F-406E-973C-D98945E4B841}"
EndProject
Project("{FAE04EC0-301F-11D3-BF4B-00C04F79EFBC}") = "Shared.MessageBus.Kafka", "Shared.MessageBus.Kafka\Shared.MessageBus.Kafka.csproj", "{BD6EEA44-4268-4452-8881-E65D6CBC24F8}"
EndProject
Project("{FAE04EC0-301F-11D3-BF4B-00C04F79EFBC}") = "FileService", "FileService\FileService.csproj", "{F9F93625-AF12-4809-9826-CC8EFFBC8458}"
EndProject
Project("{FAE04EC0-301F-11D3-BF4B-00C04F79EFBC}") = "Infrastructure.FileService", "Infrastructure.FileService\Infrastructure.FileService.csproj", "{880020E6-3959-47B1-AFC0-AB01578D6FA9}"
EndProject
Project("{FAE04EC0-301F-11D3-BF4B-00C04F79EFBC}") = "Infrastructure.AssetCrafterService", "Infrastructure.AssetCrafterService\Infrastructure.AssetCrafterService.csproj", "{6E842E63-9939-4706-8842-F83DBB9D41B2}"
EndProject
Project("{FAE04EC0-301F-11D3-BF4B-00C04F79EFBC}") = "AssetCrafterService", "AssetCrafterService\AssetCrafterService.csproj", "{16FC8241-E0ED-4296-9557-B80D34FB4CE4}"
EndProject
Project("{2150E333-8FDC-42A3-9474-1A3956D46DE8}") = "Coordinators", "Coordinators", "{C0315B0F-DF2B-4E14-93F9-E77E17D34B70}"
EndProject
Project("{FAE04EC0-301F-11D3-BF4B-00C04F79EFBC}") = "UsersCoordinatorService", "UsersCoordinatorService\UsersCoordinatorService.csproj", "{7E33A606-F873-4854-8DD3-F07DA42A3E84}"
EndProject
Global
	GlobalSection(SolutionConfigurationPlatforms) = preSolution
		Debug|Any CPU = Debug|Any CPU
		Release|Any CPU = Release|Any CPU
	EndGlobalSection
	GlobalSection(ProjectConfigurationPlatforms) = postSolution
		{D3FD9298-8A53-44D2-8C0A-4C1B7E1F87A6}.Debug|Any CPU.ActiveCfg = Debug|Any CPU
		{D3FD9298-8A53-44D2-8C0A-4C1B7E1F87A6}.Debug|Any CPU.Build.0 = Debug|Any CPU
		{D3FD9298-8A53-44D2-8C0A-4C1B7E1F87A6}.Release|Any CPU.ActiveCfg = Release|Any CPU
		{D3FD9298-8A53-44D2-8C0A-4C1B7E1F87A6}.Release|Any CPU.Build.0 = Release|Any CPU
		{408A4C33-D533-4729-828D-D1859307F213}.Debug|Any CPU.ActiveCfg = Debug|Any CPU
		{408A4C33-D533-4729-828D-D1859307F213}.Debug|Any CPU.Build.0 = Debug|Any CPU
		{408A4C33-D533-4729-828D-D1859307F213}.Release|Any CPU.ActiveCfg = Release|Any CPU
		{408A4C33-D533-4729-828D-D1859307F213}.Release|Any CPU.Build.0 = Release|Any CPU
		{53CBA1BB-F207-4306-A18B-349744926618}.Debug|Any CPU.ActiveCfg = Debug|Any CPU
		{53CBA1BB-F207-4306-A18B-349744926618}.Debug|Any CPU.Build.0 = Debug|Any CPU
		{53CBA1BB-F207-4306-A18B-349744926618}.Release|Any CPU.ActiveCfg = Release|Any CPU
		{53CBA1BB-F207-4306-A18B-349744926618}.Release|Any CPU.Build.0 = Release|Any CPU
		{E5A3C638-28EE-41B4-A662-4719D18A23A4}.Debug|Any CPU.ActiveCfg = Debug|Any CPU
		{E5A3C638-28EE-41B4-A662-4719D18A23A4}.Debug|Any CPU.Build.0 = Debug|Any CPU
		{E5A3C638-28EE-41B4-A662-4719D18A23A4}.Release|Any CPU.ActiveCfg = Release|Any CPU
		{E5A3C638-28EE-41B4-A662-4719D18A23A4}.Release|Any CPU.Build.0 = Release|Any CPU
		{08E99E68-05CB-43B1-B3E4-3451C3BB2219}.Debug|Any CPU.ActiveCfg = Debug|Any CPU
		{08E99E68-05CB-43B1-B3E4-3451C3BB2219}.Debug|Any CPU.Build.0 = Debug|Any CPU
		{08E99E68-05CB-43B1-B3E4-3451C3BB2219}.Release|Any CPU.ActiveCfg = Release|Any CPU
		{08E99E68-05CB-43B1-B3E4-3451C3BB2219}.Release|Any CPU.Build.0 = Release|Any CPU
		{2DECEA69-F408-4ACB-A012-C292BCD02CCA}.Debug|Any CPU.ActiveCfg = Debug|Any CPU
		{2DECEA69-F408-4ACB-A012-C292BCD02CCA}.Debug|Any CPU.Build.0 = Debug|Any CPU
		{2DECEA69-F408-4ACB-A012-C292BCD02CCA}.Release|Any CPU.ActiveCfg = Release|Any CPU
		{2DECEA69-F408-4ACB-A012-C292BCD02CCA}.Release|Any CPU.Build.0 = Release|Any CPU
		{095BED8B-8572-4E7B-9725-F3E9C8FD2A5B}.Debug|Any CPU.ActiveCfg = Debug|Any CPU
		{095BED8B-8572-4E7B-9725-F3E9C8FD2A5B}.Debug|Any CPU.Build.0 = Debug|Any CPU
		{095BED8B-8572-4E7B-9725-F3E9C8FD2A5B}.Release|Any CPU.ActiveCfg = Release|Any CPU
		{095BED8B-8572-4E7B-9725-F3E9C8FD2A5B}.Release|Any CPU.Build.0 = Release|Any CPU
		{808732B3-4495-4E66-9163-968902DDD3CE}.Debug|Any CPU.ActiveCfg = Debug|Any CPU
		{808732B3-4495-4E66-9163-968902DDD3CE}.Debug|Any CPU.Build.0 = Debug|Any CPU
		{808732B3-4495-4E66-9163-968902DDD3CE}.Release|Any CPU.ActiveCfg = Release|Any CPU
		{808732B3-4495-4E66-9163-968902DDD3CE}.Release|Any CPU.Build.0 = Release|Any CPU
		{24655406-8AD7-4930-A094-19EDFD8B78E6}.Debug|Any CPU.ActiveCfg = Debug|Any CPU
		{24655406-8AD7-4930-A094-19EDFD8B78E6}.Debug|Any CPU.Build.0 = Debug|Any CPU
		{24655406-8AD7-4930-A094-19EDFD8B78E6}.Release|Any CPU.ActiveCfg = Release|Any CPU
		{24655406-8AD7-4930-A094-19EDFD8B78E6}.Release|Any CPU.Build.0 = Release|Any CPU
		{0F6E8D27-428C-4B80-A86C-CA7741A7B998}.Debug|Any CPU.ActiveCfg = Debug|Any CPU
		{0F6E8D27-428C-4B80-A86C-CA7741A7B998}.Debug|Any CPU.Build.0 = Debug|Any CPU
		{0F6E8D27-428C-4B80-A86C-CA7741A7B998}.Release|Any CPU.ActiveCfg = Release|Any CPU
		{0F6E8D27-428C-4B80-A86C-CA7741A7B998}.Release|Any CPU.Build.0 = Release|Any CPU
		{18F5641E-4A5F-406E-973C-D98945E4B841}.Debug|Any CPU.ActiveCfg = Debug|Any CPU
		{18F5641E-4A5F-406E-973C-D98945E4B841}.Debug|Any CPU.Build.0 = Debug|Any CPU
		{18F5641E-4A5F-406E-973C-D98945E4B841}.Release|Any CPU.ActiveCfg = Release|Any CPU
		{18F5641E-4A5F-406E-973C-D98945E4B841}.Release|Any CPU.Build.0 = Release|Any CPU
		{BD6EEA44-4268-4452-8881-E65D6CBC24F8}.Debug|Any CPU.ActiveCfg = Debug|Any CPU
		{BD6EEA44-4268-4452-8881-E65D6CBC24F8}.Debug|Any CPU.Build.0 = Debug|Any CPU
		{BD6EEA44-4268-4452-8881-E65D6CBC24F8}.Release|Any CPU.ActiveCfg = Release|Any CPU
		{BD6EEA44-4268-4452-8881-E65D6CBC24F8}.Release|Any CPU.Build.0 = Release|Any CPU
		{F9F93625-AF12-4809-9826-CC8EFFBC8458}.Debug|Any CPU.ActiveCfg = Debug|Any CPU
		{F9F93625-AF12-4809-9826-CC8EFFBC8458}.Debug|Any CPU.Build.0 = Debug|Any CPU
		{F9F93625-AF12-4809-9826-CC8EFFBC8458}.Release|Any CPU.ActiveCfg = Release|Any CPU
		{F9F93625-AF12-4809-9826-CC8EFFBC8458}.Release|Any CPU.Build.0 = Release|Any CPU
		{880020E6-3959-47B1-AFC0-AB01578D6FA9}.Debug|Any CPU.ActiveCfg = Debug|Any CPU
		{880020E6-3959-47B1-AFC0-AB01578D6FA9}.Debug|Any CPU.Build.0 = Debug|Any CPU
		{880020E6-3959-47B1-AFC0-AB01578D6FA9}.Release|Any CPU.ActiveCfg = Release|Any CPU
		{880020E6-3959-47B1-AFC0-AB01578D6FA9}.Release|Any CPU.Build.0 = Release|Any CPU
		{6E842E63-9939-4706-8842-F83DBB9D41B2}.Debug|Any CPU.ActiveCfg = Debug|Any CPU
		{6E842E63-9939-4706-8842-F83DBB9D41B2}.Debug|Any CPU.Build.0 = Debug|Any CPU
		{6E842E63-9939-4706-8842-F83DBB9D41B2}.Release|Any CPU.ActiveCfg = Release|Any CPU
		{6E842E63-9939-4706-8842-F83DBB9D41B2}.Release|Any CPU.Build.0 = Release|Any CPU
		{16FC8241-E0ED-4296-9557-B80D34FB4CE4}.Debug|Any CPU.ActiveCfg = Debug|Any CPU
		{16FC8241-E0ED-4296-9557-B80D34FB4CE4}.Debug|Any CPU.Build.0 = Debug|Any CPU
		{16FC8241-E0ED-4296-9557-B80D34FB4CE4}.Release|Any CPU.ActiveCfg = Release|Any CPU
		{16FC8241-E0ED-4296-9557-B80D34FB4CE4}.Release|Any CPU.Build.0 = Release|Any CPU
		{7E33A606-F873-4854-8DD3-F07DA42A3E84}.Debug|Any CPU.ActiveCfg = Debug|Any CPU
		{7E33A606-F873-4854-8DD3-F07DA42A3E84}.Debug|Any CPU.Build.0 = Debug|Any CPU
		{7E33A606-F873-4854-8DD3-F07DA42A3E84}.Release|Any CPU.ActiveCfg = Release|Any CPU
		{7E33A606-F873-4854-8DD3-F07DA42A3E84}.Release|Any CPU.Build.0 = Release|Any CPU
	EndGlobalSection
	GlobalSection(NestedProjects) = preSolution
		{08E99E68-05CB-43B1-B3E4-3451C3BB2219} = {7C5A9BD2-B436-4F5D-A053-854956560088}
		{2DECEA69-F408-4ACB-A012-C292BCD02CCA} = {7C5A9BD2-B436-4F5D-A053-854956560088}
		{095BED8B-8572-4E7B-9725-F3E9C8FD2A5B} = {7C5A9BD2-B436-4F5D-A053-854956560088}
		{E5A3C638-28EE-41B4-A662-4719D18A23A4} = {C76EE7C2-93FE-4AA9-91B5-A0EEA36C42B2}
		{53CBA1BB-F207-4306-A18B-349744926618} = {C76EE7C2-93FE-4AA9-91B5-A0EEA36C42B2}
		{D3FD9298-8A53-44D2-8C0A-4C1B7E1F87A6} = {C76EE7C2-93FE-4AA9-91B5-A0EEA36C42B2}
		{408A4C33-D533-4729-828D-D1859307F213} = {C76EE7C2-93FE-4AA9-91B5-A0EEA36C42B2}
		{808732B3-4495-4E66-9163-968902DDD3CE} = {7C5A9BD2-B436-4F5D-A053-854956560088}
		{24655406-8AD7-4930-A094-19EDFD8B78E6} = {27907872-D2DB-4B29-8A09-23B49FCCB3E4}
		{0F6E8D27-428C-4B80-A86C-CA7741A7B998} = {C76EE7C2-93FE-4AA9-91B5-A0EEA36C42B2}
		{18F5641E-4A5F-406E-973C-D98945E4B841} = {2D57C35F-FAF3-48A5-B01F-8EA07DF53874}
		{BD6EEA44-4268-4452-8881-E65D6CBC24F8} = {7C5A9BD2-B436-4F5D-A053-854956560088}
		{F9F93625-AF12-4809-9826-CC8EFFBC8458} = {C76EE7C2-93FE-4AA9-91B5-A0EEA36C42B2}
		{880020E6-3959-47B1-AFC0-AB01578D6FA9} = {27907872-D2DB-4B29-8A09-23B49FCCB3E4}
		{6E842E63-9939-4706-8842-F83DBB9D41B2} = {27907872-D2DB-4B29-8A09-23B49FCCB3E4}
		{16FC8241-E0ED-4296-9557-B80D34FB4CE4} = {C76EE7C2-93FE-4AA9-91B5-A0EEA36C42B2}
		{7E33A606-F873-4854-8DD3-F07DA42A3E84} = {C0315B0F-DF2B-4E14-93F9-E77E17D34B70}
	EndGlobalSection
EndGlobal
